
Microsoft Visual Studio Solution File, Format Version 12.00
# Visual Studio Version 17
VisualStudioVersion = 17.5.002.0
MinimumVisualStudioVersion = 10.0.40219.1
Project("{9A19103F-16F7-4668-BE54-9A1E7A4F7556}") = "You_only_need_one_Beginner", "You_only_need_one_Beginner.csproj", "{D7ECF9DF-1F17-4648-AA05-E86D3C3E5628}"
EndProject
Global
	GlobalSection(SolutionConfigurationPlatforms) = preSolution
		Debug|Any CPU = Debug|Any CPU
		Release|Any CPU = Release|Any CPU
	EndGlobalSection
	GlobalSection(ProjectConfigurationPlatforms) = postSolution
		{D7ECF9DF-1F17-4648-AA05-E86D3C3E5628}.Debug|Any CPU.ActiveCfg = Debug|Any CPU
		{D7ECF9DF-1F17-4648-AA05-E86D3C3E5628}.Debug|Any CPU.Build.0 = Debug|Any CPU
		{D7ECF9DF-1F17-4648-AA05-E86D3C3E5628}.Release|Any CPU.ActiveCfg = Release|Any CPU
		{D7ECF9DF-1F17-4648-AA05-E86D3C3E5628}.Release|Any CPU.Build.0 = Release|Any CPU
	EndGlobalSection
	GlobalSection(SolutionProperties) = preSolution
		HideSolutionNode = FALSE
	EndGlobalSection
	GlobalSection(ExtensibilityGlobals) = postSolution
		SolutionGuid = {5EF04BE3-C04F-4853-A1B9-601A6329E363}
	EndGlobalSection
EndGlobal
